// !$*UTF8*$!
{
	archiveVersion = 1;
	classes = {
	};
	objectVersion = 56;
	objects = {

/* Begin PBXBuildFile section */
		CDA22D2E2AA7152500893EB6 /* SwiftUIFirebaseBootcampApp.swift in Sources */ = {isa = PBXBuildFile; fileRef = CDA22D2D2AA7152500893EB6 /* SwiftUIFirebaseBootcampApp.swift */; };
		CDA22D302AA7152500893EB6 /* ContentView.swift in Sources */ = {isa = PBXBuildFile; fileRef = CDA22D2F2AA7152500893EB6 /* ContentView.swift */; };
		CDA22D322AA7152800893EB6 /* Assets.xcassets in Resources */ = {isa = PBXBuildFile; fileRef = CDA22D312AA7152800893EB6 /* Assets.xcassets */; };
		CDA22D352AA7152800893EB6 /* Preview Assets.xcassets in Resources */ = {isa = PBXBuildFile; fileRef = CDA22D342AA7152800893EB6 /* Preview Assets.xcassets */; };
		CDA22D3C2AA7178200893EB6 /* GoogleService-Info.plist in Resources */ = {isa = PBXBuildFile; fileRef = CDA22D3B2AA7178200893EB6 /* GoogleService-Info.plist */; };
		CDA22D3F2AA718CB00893EB6 /* FirebaseAnalytics in Frameworks */ = {isa = PBXBuildFile; productRef = CDA22D3E2AA718CB00893EB6 /* FirebaseAnalytics */; };
		CDA22D412AA718CB00893EB6 /* FirebaseAnalyticsSwift in Frameworks */ = {isa = PBXBuildFile; productRef = CDA22D402AA718CB00893EB6 /* FirebaseAnalyticsSwift */; };
		CDA22D442AA71BF200893EB6 /* FirebaseAuth in Frameworks */ = {isa = PBXBuildFile; productRef = CDA22D432AA71BF200893EB6 /* FirebaseAuth */; };
		CDA22D472AA71CAB00893EB6 /* AuthenticationView.swift in Sources */ = {isa = PBXBuildFile; fileRef = CDA22D462AA71CAB00893EB6 /* AuthenticationView.swift */; };
		CDA22D492AA71E3B00893EB6 /* SignInEmailView.swift in Sources */ = {isa = PBXBuildFile; fileRef = CDA22D482AA71E3A00893EB6 /* SignInEmailView.swift */; };
		CDA22D4B2AA7204300893EB6 /* AuthenticationManager.swift in Sources */ = {isa = PBXBuildFile; fileRef = CDA22D4A2AA7204300893EB6 /* AuthenticationManager.swift */; };
		CDA22D4D2AA727B500893EB6 /* RootView.swift in Sources */ = {isa = PBXBuildFile; fileRef = CDA22D4C2AA727B400893EB6 /* RootView.swift */; };
		CDA22D4F2AA729D000893EB6 /* SettingView.swift in Sources */ = {isa = PBXBuildFile; fileRef = CDA22D4E2AA729D000893EB6 /* SettingView.swift */; };
/* End PBXBuildFile section */

/* Begin PBXFileReference section */
		CDA22D2A2AA7152500893EB6 /* SwiftUIFirebaseBootcamp.app */ = {isa = PBXFileReference; explicitFileType = wrapper.application; includeInIndex = 0; path = SwiftUIFirebaseBootcamp.app; sourceTree = BUILT_PRODUCTS_DIR; };
		CDA22D2D2AA7152500893EB6 /* SwiftUIFirebaseBootcampApp.swift */ = {isa = PBXFileReference; lastKnownFileType = sourcecode.swift; path = SwiftUIFirebaseBootcampApp.swift; sourceTree = "<group>"; };
		CDA22D2F2AA7152500893EB6 /* ContentView.swift */ = {isa = PBXFileReference; lastKnownFileType = sourcecode.swift; path = ContentView.swift; sourceTree = "<group>"; };
		CDA22D312AA7152800893EB6 /* Assets.xcassets */ = {isa = PBXFileReference; lastKnownFileType = folder.assetcatalog; path = Assets.xcassets; sourceTree = "<group>"; };
		CDA22D342AA7152800893EB6 /* Preview Assets.xcassets */ = {isa = PBXFileReference; lastKnownFileType = folder.assetcatalog; path = "Preview Assets.xcassets"; sourceTree = "<group>"; };
		CDA22D3B2AA7178200893EB6 /* GoogleService-Info.plist */ = {isa = PBXFileReference; fileEncoding = 4; lastKnownFileType = text.plist.xml; path = "GoogleService-Info.plist"; sourceTree = "<group>"; };
		CDA22D462AA71CAB00893EB6 /* AuthenticationView.swift */ = {isa = PBXFileReference; lastKnownFileType = sourcecode.swift; path = AuthenticationView.swift; sourceTree = "<group>"; };
		CDA22D482AA71E3A00893EB6 /* SignInEmailView.swift */ = {isa = PBXFileReference; lastKnownFileType = sourcecode.swift; path = SignInEmailView.swift; sourceTree = "<group>"; };
		CDA22D4A2AA7204300893EB6 /* AuthenticationManager.swift */ = {isa = PBXFileReference; lastKnownFileType = sourcecode.swift; path = AuthenticationManager.swift; sourceTree = "<group>"; };
		CDA22D4C2AA727B400893EB6 /* RootView.swift */ = {isa = PBXFileReference; lastKnownFileType = sourcecode.swift; path = RootView.swift; sourceTree = "<group>"; };
		CDA22D4E2AA729D000893EB6 /* SettingView.swift */ = {isa = PBXFileReference; lastKnownFileType = sourcecode.swift; path = SettingView.swift; sourceTree = "<group>"; };
/* End PBXFileReference section */

/* Begin PBXFrameworksBuildPhase section */
		CDA22D272AA7152500893EB6 /* Frameworks */ = {
			isa = PBXFrameworksBuildPhase;
			buildActionMask = 2147483647;
			files = (
				CDA22D412AA718CB00893EB6 /* FirebaseAnalyticsSwift in Frameworks */,
				CDA22D442AA71BF200893EB6 /* FirebaseAuth in Frameworks */,
				CDA22D3F2AA718CB00893EB6 /* FirebaseAnalytics in Frameworks */,
			);
			runOnlyForDeploymentPostprocessing = 0;
		};
/* End PBXFrameworksBuildPhase section */

/* Begin PBXGroup section */
		CDA22D212AA7152500893EB6 = {
			isa = PBXGroup;
			children = (
				CDA22D2C2AA7152500893EB6 /* SwiftUIFirebaseBootcamp */,
				CDA22D2B2AA7152500893EB6 /* Products */,
				CDA22D422AA71BF200893EB6 /* Frameworks */,
			);
			sourceTree = "<group>";
		};
		CDA22D2B2AA7152500893EB6 /* Products */ = {
			isa = PBXGroup;
			children = (
				CDA22D2A2AA7152500893EB6 /* SwiftUIFirebaseBootcamp.app */,
			);
			name = Products;
			sourceTree = "<group>";
		};
		CDA22D2C2AA7152500893EB6 /* SwiftUIFirebaseBootcamp */ = {
			isa = PBXGroup;
			children = (
				CDA22D3B2AA7178200893EB6 /* GoogleService-Info.plist */,
				CDA22D2D2AA7152500893EB6 /* SwiftUIFirebaseBootcampApp.swift */,
				CDA22D2F2AA7152500893EB6 /* ContentView.swift */,
				CDA22D452AA71C8F00893EB6 /* Authentication */,
				CDA22D312AA7152800893EB6 /* Assets.xcassets */,
				CDA22D332AA7152800893EB6 /* Preview Content */,
			);
			path = SwiftUIFirebaseBootcamp;
			sourceTree = "<group>";
		};
		CDA22D332AA7152800893EB6 /* Preview Content */ = {
			isa = PBXGroup;
			children = (
				CDA22D342AA7152800893EB6 /* Preview Assets.xcassets */,
			);
			path = "Preview Content";
			sourceTree = "<group>";
		};
		CDA22D422AA71BF200893EB6 /* Frameworks */ = {
			isa = PBXGroup;
			children = (
			);
			name = Frameworks;
			sourceTree = "<group>";
		};
		CDA22D452AA71C8F00893EB6 /* Authentication */ = {
			isa = PBXGroup;
			children = (
				CDA22D4C2AA727B400893EB6 /* RootView.swift */,
				CDA22D462AA71CAB00893EB6 /* AuthenticationView.swift */,
				CDA22D482AA71E3A00893EB6 /* SignInEmailView.swift */,
				CDA22D4E2AA729D000893EB6 /* SettingView.swift */,
				CDA22D4A2AA7204300893EB6 /* AuthenticationManager.swift */,
			);
			path = Authentication;
			sourceTree = "<group>";
		};
/* End PBXGroup section */

/* Begin PBXNativeTarget section */
		CDA22D292AA7152500893EB6 /* SwiftUIFirebaseBootcamp */ = {
			isa = PBXNativeTarget;
			buildConfigurationList = CDA22D382AA7152800893EB6 /* Build configuration list for PBXNativeTarget "SwiftUIFirebaseBootcamp" */;
			buildPhases = (
				CDA22D262AA7152500893EB6 /* Sources */,
				CDA22D272AA7152500893EB6 /* Frameworks */,
				CDA22D282AA7152500893EB6 /* Resources */,
			);
			buildRules = (
			);
			dependencies = (
			);
			name = SwiftUIFirebaseBootcamp;
			packageProductDependencies = (
				CDA22D3E2AA718CB00893EB6 /* FirebaseAnalytics */,
				CDA22D402AA718CB00893EB6 /* FirebaseAnalyticsSwift */,
				CDA22D432AA71BF200893EB6 /* FirebaseAuth */,
			);
			productName = SwiftUIFirebaseBootcamp;
			productReference = CDA22D2A2AA7152500893EB6 /* SwiftUIFirebaseBootcamp.app */;
			productType = "com.apple.product-type.application";
		};
/* End PBXNativeTarget section */

/* Begin PBXProject section */
		CDA22D222AA7152500893EB6 /* Project object */ = {
			isa = PBXProject;
			attributes = {
				BuildIndependentTargetsInParallel = 1;
				LastSwiftUpdateCheck = 1430;
				LastUpgradeCheck = 1430;
				TargetAttributes = {
					CDA22D292AA7152500893EB6 = {
						CreatedOnToolsVersion = 14.3.1;
					};
				};
			};
			buildConfigurationList = CDA22D252AA7152500893EB6 /* Build configuration list for PBXProject "SwiftUIFirebaseBootcamp" */;
			compatibilityVersion = "Xcode 14.0";
			developmentRegion = en;
			hasScannedForEncodings = 0;
			knownRegions = (
				en,
				Base,
			);
			mainGroup = CDA22D212AA7152500893EB6;
			packageReferences = (
				CDA22D3D2AA718CB00893EB6 /* XCRemoteSwiftPackageReference "firebase-ios-sdk" */,
			);
			productRefGroup = CDA22D2B2AA7152500893EB6 /* Products */;
			projectDirPath = "";
			projectRoot = "";
			targets = (
				CDA22D292AA7152500893EB6 /* SwiftUIFirebaseBootcamp */,
			);
		};
/* End PBXProject section */

/* Begin PBXResourcesBuildPhase section */
		CDA22D282AA7152500893EB6 /* Resources */ = {
			isa = PBXResourcesBuildPhase;
			buildActionMask = 2147483647;
			files = (
				CDA22D352AA7152800893EB6 /* Preview Assets.xcassets in Resources */,
				CDA22D3C2AA7178200893EB6 /* GoogleService-Info.plist in Resources */,
				CDA22D322AA7152800893EB6 /* Assets.xcassets in Resources */,
			);
			runOnlyForDeploymentPostprocessing = 0;
		};
/* End PBXResourcesBuildPhase section */

/* Begin PBXSourcesBuildPhase section */
		CDA22D262AA7152500893EB6 /* Sources */ = {
			isa = PBXSourcesBuildPhase;
			buildActionMask = 2147483647;
			files = (
				CDA22D302AA7152500893EB6 /* ContentView.swift in Sources */,
				CDA22D2E2AA7152500893EB6 /* SwiftUIFirebaseBootcampApp.swift in Sources */,
				CDA22D4D2AA727B500893EB6 /* RootView.swift in Sources */,
				CDA22D4F2AA729D000893EB6 /* SettingView.swift in Sources */,
				CDA22D472AA71CAB00893EB6 /* AuthenticationView.swift in Sources */,
				CDA22D4B2AA7204300893EB6 /* AuthenticationManager.swift in Sources */,
				CDA22D492AA71E3B00893EB6 /* SignInEmailView.swift in Sources */,
			);
			runOnlyForDeploymentPostprocessing = 0;
		};
/* End PBXSourcesBuildPhase section */

/* Begin XCBuildConfiguration section */
		CDA22D362AA7152800893EB6 /* Debug */ = {
			isa = XCBuildConfiguration;
			buildSettings = {
				ALWAYS_SEARCH_USER_PATHS = NO;
				CLANG_ANALYZER_NONNULL = YES;
				CLANG_ANALYZER_NUMBER_OBJECT_CONVERSION = YES_AGGRESSIVE;
				CLANG_CXX_LANGUAGE_STANDARD = "gnu++20";
				CLANG_ENABLE_MODULES = YES;
				CLANG_ENABLE_OBJC_ARC = YES;
				CLANG_ENABLE_OBJC_WEAK = YES;
				CLANG_WARN_BLOCK_CAPTURE_AUTORELEASING = YES;
				CLANG_WARN_BOOL_CONVERSION = YES;
				CLANG_WARN_COMMA = YES;
				CLANG_WARN_CONSTANT_CONVERSION = YES;
				CLANG_WARN_DEPRECATED_OBJC_IMPLEMENTATIONS = YES;
				CLANG_WARN_DIRECT_OBJC_ISA_USAGE = YES_ERROR;
				CLANG_WARN_DOCUMENTATION_COMMENTS = YES;
				CLANG_WARN_EMPTY_BODY = YES;
				CLANG_WARN_ENUM_CONVERSION = YES;
				CLANG_WARN_INFINITE_RECURSION = YES;
				CLANG_WARN_INT_CONVERSION = YES;
				CLANG_WARN_NON_LITERAL_NULL_CONVERSION = YES;
				CLANG_WARN_OBJC_IMPLICIT_RETAIN_SELF = YES;
				CLANG_WARN_OBJC_LITERAL_CONVERSION = YES;
				CLANG_WARN_OBJC_ROOT_CLASS = YES_ERROR;
				CLANG_WARN_QUOTED_INCLUDE_IN_FRAMEWORK_HEADER = YES;
				CLANG_WARN_RANGE_LOOP_ANALYSIS = YES;
				CLANG_WARN_STRICT_PROTOTYPES = YES;
				CLANG_WARN_SUSPICIOUS_MOVE = YES;
				CLANG_WARN_UNGUARDED_AVAILABILITY = YES_AGGRESSIVE;
				CLANG_WARN_UNREACHABLE_CODE = YES;
				CLANG_WARN__DUPLICATE_METHOD_MATCH = YES;
				COPY_PHASE_STRIP = NO;
				DEBUG_INFORMATION_FORMAT = dwarf;
				ENABLE_STRICT_OBJC_MSGSEND = YES;
				ENABLE_TESTABILITY = YES;
				GCC_C_LANGUAGE_STANDARD = gnu11;
				GCC_DYNAMIC_NO_PIC = NO;
				GCC_NO_COMMON_BLOCKS = YES;
				GCC_OPTIMIZATION_LEVEL = 0;
				GCC_PREPROCESSOR_DEFINITIONS = (
					"DEBUG=1",
					"$(inherited)",
				);
				GCC_WARN_64_TO_32_BIT_CONVERSION = YES;
				GCC_WARN_ABOUT_RETURN_TYPE = YES_ERROR;
				GCC_WARN_UNDECLARED_SELECTOR = YES;
				GCC_WARN_UNINITIALIZED_AUTOS = YES_AGGRESSIVE;
				GCC_WARN_UNUSED_FUNCTION = YES;
				GCC_WARN_UNUSED_VARIABLE = YES;
				IPHONEOS_DEPLOYMENT_TARGET = 16.4;
				MTL_ENABLE_DEBUG_INFO = INCLUDE_SOURCE;
				MTL_FAST_MATH = YES;
				ONLY_ACTIVE_ARCH = YES;
				SDKROOT = iphoneos;
				SWIFT_ACTIVE_COMPILATION_CONDITIONS = DEBUG;
				SWIFT_OPTIMIZATION_LEVEL = "-Onone";
			};
			name = Debug;
		};
		CDA22D372AA7152800893EB6 /* Release */ = {
			isa = XCBuildConfiguration;
			buildSettings = {
				ALWAYS_SEARCH_USER_PATHS = NO;
				CLANG_ANALYZER_NONNULL = YES;
				CLANG_ANALYZER_NUMBER_OBJECT_CONVERSION = YES_AGGRESSIVE;
				CLANG_CXX_LANGUAGE_STANDARD = "gnu++20";
				CLANG_ENABLE_MODULES = YES;
				CLANG_ENABLE_OBJC_ARC = YES;
				CLANG_ENABLE_OBJC_WEAK = YES;
				CLANG_WARN_BLOCK_CAPTURE_AUTORELEASING = YES;
				CLANG_WARN_BOOL_CONVERSION = YES;
				CLANG_WARN_COMMA = YES;
				CLANG_WARN_CONSTANT_CONVERSION = YES;
				CLANG_WARN_DEPRECATED_OBJC_IMPLEMENTATIONS = YES;
				CLANG_WARN_DIRECT_OBJC_ISA_USAGE = YES_ERROR;
				CLANG_WARN_DOCUMENTATION_COMMENTS = YES;
				CLANG_WARN_EMPTY_BODY = YES;
				CLANG_WARN_ENUM_CONVERSION = YES;
				CLANG_WARN_INFINITE_RECURSION = YES;
				CLANG_WARN_INT_CONVERSION = YES;
				CLANG_WARN_NON_LITERAL_NULL_CONVERSION = YES;
				CLANG_WARN_OBJC_IMPLICIT_RETAIN_SELF = YES;
				CLANG_WARN_OBJC_LITERAL_CONVERSION = YES;
				CLANG_WARN_OBJC_ROOT_CLASS = YES_ERROR;
				CLANG_WARN_QUOTED_INCLUDE_IN_FRAMEWORK_HEADER = YES;
				CLANG_WARN_RANGE_LOOP_ANALYSIS = YES;
				CLANG_WARN_STRICT_PROTOTYPES = YES;
				CLANG_WARN_SUSPICIOUS_MOVE = YES;
				CLANG_WARN_UNGUARDED_AVAILABILITY = YES_AGGRESSIVE;
				CLANG_WARN_UNREACHABLE_CODE = YES;
				CLANG_WARN__DUPLICATE_METHOD_MATCH = YES;
				COPY_PHASE_STRIP = NO;
				DEBUG_INFORMATION_FORMAT = "dwarf-with-dsym";
				ENABLE_NS_ASSERTIONS = NO;
				ENABLE_STRICT_OBJC_MSGSEND = YES;
				GCC_C_LANGUAGE_STANDARD = gnu11;
				GCC_NO_COMMON_BLOCKS = YES;
				GCC_WARN_64_TO_32_BIT_CONVERSION = YES;
				GCC_WARN_ABOUT_RETURN_TYPE = YES_ERROR;
				GCC_WARN_UNDECLARED_SELECTOR = YES;
				GCC_WARN_UNINITIALIZED_AUTOS = YES_AGGRESSIVE;
				GCC_WARN_UNUSED_FUNCTION = YES;
				GCC_WARN_UNUSED_VARIABLE = YES;
				IPHONEOS_DEPLOYMENT_TARGET = 16.4;
				MTL_ENABLE_DEBUG_INFO = NO;
				MTL_FAST_MATH = YES;
				SDKROOT = iphoneos;
				SWIFT_COMPILATION_MODE = wholemodule;
				SWIFT_OPTIMIZATION_LEVEL = "-O";
				VALIDATE_PRODUCT = YES;
			};
			name = Release;
		};
		CDA22D392AA7152800893EB6 /* Debug */ = {
			isa = XCBuildConfiguration;
			buildSettings = {
				ASSETCATALOG_COMPILER_APPICON_NAME = AppIcon;
				ASSETCATALOG_COMPILER_GLOBAL_ACCENT_COLOR_NAME = AccentColor;
				CODE_SIGN_STYLE = Automatic;
				CURRENT_PROJECT_VERSION = 1;
				DEVELOPMENT_ASSET_PATHS = "\"SwiftUIFirebaseBootcamp/Preview Content\"";
				DEVELOPMENT_TEAM = JKR3XZ5TBQ;
				ENABLE_PREVIEWS = YES;
				GENERATE_INFOPLIST_FILE = YES;
				INFOPLIST_KEY_UIApplicationSceneManifest_Generation = YES;
				INFOPLIST_KEY_UIApplicationSupportsIndirectInputEvents = YES;
				INFOPLIST_KEY_UILaunchScreen_Generation = YES;
				INFOPLIST_KEY_UISupportedInterfaceOrientations_iPad = "UIInterfaceOrientationPortrait UIInterfaceOrientationPortraitUpsideDown UIInterfaceOrientationLandscapeLeft UIInterfaceOrientationLandscapeRight";
				INFOPLIST_KEY_UISupportedInterfaceOrientations_iPhone = "UIInterfaceOrientationPortrait UIInterfaceOrientationLandscapeLeft UIInterfaceOrientationLandscapeRight";
				LD_RUNPATH_SEARCH_PATHS = (
					"$(inherited)",
					"@executable_path/Frameworks",
				);
				MARKETING_VERSION = 1.0;
				PRODUCT_BUNDLE_IDENTIFIER = com.manishparihar.SwiftUIFirebaseBootcamp;
				PRODUCT_NAME = "$(TARGET_NAME)";
				SWIFT_EMIT_LOC_STRINGS = YES;
				SWIFT_VERSION = 5.0;
				TARGETED_DEVICE_FAMILY = "1,2";
			};
			name = Debug;
		};
		CDA22D3A2AA7152800893EB6 /* Release */ = {
			isa = XCBuildConfiguration;
			buildSettings = {
				ASSETCATALOG_COMPILER_APPICON_NAME = AppIcon;
				ASSETCATALOG_COMPILER_GLOBAL_ACCENT_COLOR_NAME = AccentColor;
				CODE_SIGN_STYLE = Automatic;
				CURRENT_PROJECT_VERSION = 1;
				DEVELOPMENT_ASSET_PATHS = "\"SwiftUIFirebaseBootcamp/Preview Content\"";
				DEVELOPMENT_TEAM = JKR3XZ5TBQ;
				ENABLE_PREVIEWS = YES;
				GENERATE_INFOPLIST_FILE = YES;
				INFOPLIST_KEY_UIApplicationSceneManifest_Generation = YES;
				INFOPLIST_KEY_UIApplicationSupportsIndirectInputEvents = YES;
				INFOPLIST_KEY_UILaunchScreen_Generation = YES;
				INFOPLIST_KEY_UISupportedInterfaceOrientations_iPad = "UIInterfaceOrientationPortrait UIInterfaceOrientationPortraitUpsideDown UIInterfaceOrientationLandscapeLeft UIInterfaceOrientationLandscapeRight";
				INFOPLIST_KEY_UISupportedInterfaceOrientations_iPhone = "UIInterfaceOrientationPortrait UIInterfaceOrientationLandscapeLeft UIInterfaceOrientationLandscapeRight";
				LD_RUNPATH_SEARCH_PATHS = (
					"$(inherited)",
					"@executable_path/Frameworks",
				);
				MARKETING_VERSION = 1.0;
				PRODUCT_BUNDLE_IDENTIFIER = com.manishparihar.SwiftUIFirebaseBootcamp;
				PRODUCT_NAME = "$(TARGET_NAME)";
				SWIFT_EMIT_LOC_STRINGS = YES;
				SWIFT_VERSION = 5.0;
				TARGETED_DEVICE_FAMILY = "1,2";
			};
			name = Release;
		};
/* End XCBuildConfiguration section */

/* Begin XCConfigurationList section */
		CDA22D252AA7152500893EB6 /* Build configuration list for PBXProject "SwiftUIFirebaseBootcamp" */ = {
			isa = XCConfigurationList;
			buildConfigurations = (
				CDA22D362AA7152800893EB6 /* Debug */,
				CDA22D372AA7152800893EB6 /* Release */,
			);
			defaultConfigurationIsVisible = 0;
			defaultConfigurationName = Release;
		};
		CDA22D382AA7152800893EB6 /* Build configuration list for PBXNativeTarget "SwiftUIFirebaseBootcamp" */ = {
			isa = XCConfigurationList;
			buildConfigurations = (
				CDA22D392AA7152800893EB6 /* Debug */,
				CDA22D3A2AA7152800893EB6 /* Release */,
			);
			defaultConfigurationIsVisible = 0;
			defaultConfigurationName = Release;
		};
/* End XCConfigurationList section */

/* Begin XCRemoteSwiftPackageReference section */
		CDA22D3D2AA718CB00893EB6 /* XCRemoteSwiftPackageReference "firebase-ios-sdk" */ = {
			isa = XCRemoteSwiftPackageReference;
			repositoryURL = "https://github.com/firebase/firebase-ios-sdk";
			requirement = {
				kind = exactVersion;
				version = 10.14.0;
			};
		};
/* End XCRemoteSwiftPackageReference section */

/* Begin XCSwiftPackageProductDependency section */
		CDA22D3E2AA718CB00893EB6 /* FirebaseAnalytics */ = {
			isa = XCSwiftPackageProductDependency;
			package = CDA22D3D2AA718CB00893EB6 /* XCRemoteSwiftPackageReference "firebase-ios-sdk" */;
			productName = FirebaseAnalytics;
		};
		CDA22D402AA718CB00893EB6 /* FirebaseAnalyticsSwift */ = {
			isa = XCSwiftPackageProductDependency;
			package = CDA22D3D2AA718CB00893EB6 /* XCRemoteSwiftPackageReference "firebase-ios-sdk" */;
			productName = FirebaseAnalyticsSwift;
		};
		CDA22D432AA71BF200893EB6 /* FirebaseAuth */ = {
			isa = XCSwiftPackageProductDependency;
			package = CDA22D3D2AA718CB00893EB6 /* XCRemoteSwiftPackageReference "firebase-ios-sdk" */;
			productName = FirebaseAuth;
		};
/* End XCSwiftPackageProductDependency section */
	};
	rootObject = CDA22D222AA7152500893EB6 /* Project object */;
}
